[root]
name = "picman"
version = "0.0.1"
dependencies = [
 "hamcrest 0.1.0 (git+https://github.com/lgunsch/hamcrest-rust.git)",
 "regex 0.1.19 (registry+https://github.com/rust-lang/crates.io-index)",
]

[[package]]
name = "hamcrest"
version = "0.1.0"
source = "git+https://github.com/lgunsch/hamcrest-rust.git#c90897390602ef1ad29de8988cc8b0ed23b540cd"

[[package]]
name = "regex"
version = "0.1.19"
source = "registry+https://github.com/rust-lang/crates.io-index"

