[root]
name = "picman"
version = "0.0.1"
dependencies = [
 "hamcrest 0.1.0 (git+https://github.com/carllerche/hamcrest-rust.git)",
 "regex 0.1.23 (registry+https://github.com/rust-lang/crates.io-index)",
]

[[package]]
name = "hamcrest"
version = "0.1.0"
source = "git+https://github.com/carllerche/hamcrest-rust.git#2dbf32e738935f7ebb5223b31b8fc1fe6327adf8"

[[package]]
name = "regex"
version = "0.1.23"
source = "registry+https://github.com/rust-lang/crates.io-index"

